
Microsoft Visual Studio Solution File, Format Version 12.00
# Visual Studio Version 17
VisualStudioVersion = 17.10.35004.147
MinimumVisualStudioVersion = 10.0.40219.1
Project("{2150E333-8FDC-42A3-9474-1A3956D46DE8}") = "Services", "Services", "{5764C61F-BFD8-4FDB-A87E-CC8FE7E70D54}"
EndProject
Project("{2150E333-8FDC-42A3-9474-1A3956D46DE8}") = "Catolog", "Catolog", "{14D86443-E085-4C1D-88AE-0725F921623B}"
EndProject
Project("{9A19103F-16F7-4668-BE54-9A1E7A4F7556}") = "MultiShop.Catolog", "Services\Catolog\MultiShop.Catolog\MultiShop.Catolog.csproj", "{DBD348A5-0E80-448F-978D-6B6D71D45FF8}"
EndProject
Project("{2150E333-8FDC-42A3-9474-1A3956D46DE8}") = "Discount", "Discount", "{493947A9-AB2E-4978-B8BD-E2B325635283}"
EndProject
Project("{9A19103F-16F7-4668-BE54-9A1E7A4F7556}") = "MultiShop.Discount", "Services\Discount\MultiShop.Discount\MultiShop.Discount.csproj", "{5F3B3DEE-D98A-4B40-9E0A-A6613EA92FCD}"
EndProject
Project("{2150E333-8FDC-42A3-9474-1A3956D46DE8}") = "Order", "Order", "{E60EFDF6-72B4-4A76-9658-6B504EFBD8AD}"
EndProject
Project("{9A19103F-16F7-4668-BE54-9A1E7A4F7556}") = "MultiShop.OrderWebApi", "Services\Order\MultiShop.Order\MultiShop.OrderWebApi.csproj", "{F8730A04-0D23-473C-A329-F2A57763874E}"
EndProject
Project("{2150E333-8FDC-42A3-9474-1A3956D46DE8}") = "Core", "Core", "{43044642-F862-4838-8AE4-F3A7C49B7683}"
EndProject
Project("{2150E333-8FDC-42A3-9474-1A3956D46DE8}") = "Infrastructure", "Infrastructure", "{757987B2-B647-4A08-AEF7-593DDCC64585}"
EndProject
Project("{2150E333-8FDC-42A3-9474-1A3956D46DE8}") = "Presentation", "Presentation", "{AED7D536-3141-4BE9-8C80-E9AB515900D0}"
EndProject
Project("{9A19103F-16F7-4668-BE54-9A1E7A4F7556}") = "MultiShop.Order.Domain", "Services\Order\Core\Order.Domain\MultiShop.Order.Domain.csproj", "{E7C38BEF-B72C-4854-8701-634D505BC226}"
EndProject
Project("{9A19103F-16F7-4668-BE54-9A1E7A4F7556}") = "MultiShop.Order.Application", "Services\Order\Core\Order.Application\MultiShop.Order.Application.csproj", "{AB1034F6-C9E7-4563-BB17-F32ECCD1641E}"
EndProject
Project("{9A19103F-16F7-4668-BE54-9A1E7A4F7556}") = "MultiShop.Order.Persistence", "Services\Order\Infrastructure\MultiShop.Order.Persistence\MultiShop.Order.Persistence.csproj", "{057015EC-BAE3-4F5A-A50C-4AFDF61125D7}"
EndProject
Project("{2150E333-8FDC-42A3-9474-1A3956D46DE8}") = "IdentityServer", "IdentityServer", "{0238A7DB-2687-4982-8BF4-A483608CAE5B}"
EndProject
Project("{9A19103F-16F7-4668-BE54-9A1E7A4F7556}") = "MultiShop.IdentityServer", "IdentityServer\MultiShop.IdentityServer\MultiShop.IdentityServer.csproj", "{75217EF8-A79E-4A09-94D8-90DE6B9353CE}"
EndProject
Project("{2150E333-8FDC-42A3-9474-1A3956D46DE8}") = "Requirements", "Requirements", "{0E58160A-BC4A-4960-9AD3-9D3A992EB7E0}"
	ProjectSection(SolutionItems) = preProject
		IdentityServer\MultiShop.IdentityServer\Requirements\IdentityServerVerisonError.txt = IdentityServer\MultiShop.IdentityServer\Requirements\IdentityServerVerisonError.txt
		IdentityServer\MultiShop.IdentityServer\Requirements\PortainerCmd.txt = IdentityServer\MultiShop.IdentityServer\Requirements\PortainerCmd.txt
		PortNumbers.txt = PortNumbers.txt
	EndProjectSection
EndProject
Project("{2150E333-8FDC-42A3-9474-1A3956D46DE8}") = "Cargo", "Cargo", "{9C96EB95-30BC-4CBC-976B-E49909D43B40}"
EndProject
Project("{FAE04EC0-301F-11D3-BF4B-00C04F79EFBC}") = "MultiShop.Cargo.BusinessLayer", "Services\Cargo\MultiShop.Cargo.BusinessLayer\MultiShop.Cargo.BusinessLayer.csproj", "{45132ADE-9B6A-4584-BFD6-D01AC87ED1B6}"
EndProject
Project("{FAE04EC0-301F-11D3-BF4B-00C04F79EFBC}") = "MultiShop.Cargo.DtoLayer", "Services\Cargo\MultiShop.Cargo.DtoLayer\MultiShop.Cargo.DtoLayer.csproj", "{2BC1B12E-1804-4AAB-A555-E4262F988E5E}"
EndProject
Project("{FAE04EC0-301F-11D3-BF4B-00C04F79EFBC}") = "MultiShop.Cargo.DataAccessLayer", "Services\Cargo\MultiShop.Cargo.DataAccessLayer\MultiShop.Cargo.DataAccessLayer.csproj", "{C5089C41-6812-4533-B3FB-E35CF2DE2F8D}"
EndProject
Project("{FAE04EC0-301F-11D3-BF4B-00C04F79EFBC}") = "MultiShop.Cargo.EntityLayer", "Services\Cargo\MultiShop.Cargo.EntityLayer\MultiShop.Cargo.EntityLayer.csproj", "{A0C81DCF-6103-4C12-BCF2-ECEBE159C94C}"
EndProject
Project("{FAE04EC0-301F-11D3-BF4B-00C04F79EFBC}") = "MultiShop.Cargo.WebApi", "Services\Cargo\MultiShop.Cargo.WebApi\MultiShop.Cargo.WebApi.csproj", "{25FACC83-F762-42F4-95E2-FC3665F8F57F}"
EndProject
Project("{2150E333-8FDC-42A3-9474-1A3956D46DE8}") = "Basket", "Basket", "{00BF5548-61D1-4656-A1E4-C15C37C1FC07}"
EndProject
Project("{FAE04EC0-301F-11D3-BF4B-00C04F79EFBC}") = "MultiShop.Basket", "Services\Basket\MultiShop.Basket\MultiShop.Basket.csproj", "{0F025F8B-3A5A-4DB8-85F8-AAA00334369D}"
EndProject
Project("{2150E333-8FDC-42A3-9474-1A3956D46DE8}") = "Frontends", "Frontends", "{6E0F6A99-6D08-4462-BF4D-419316C61A29}"
EndProject
Project("{FAE04EC0-301F-11D3-BF4B-00C04F79EFBC}") = "MultiShop.WebUI", "Frontends\MultiShop.WebUI\MultiShop.WebUI.csproj", "{0731AA2D-3E66-44FC-B1BF-B28D8D25CDC2}"
EndProject
Global
	GlobalSection(SolutionConfigurationPlatforms) = preSolution
		Debug|Any CPU = Debug|Any CPU
		Release|Any CPU = Release|Any CPU
	EndGlobalSection
	GlobalSection(ProjectConfigurationPlatforms) = postSolution
		{DBD348A5-0E80-448F-978D-6B6D71D45FF8}.Debug|Any CPU.ActiveCfg = Debug|Any CPU
		{DBD348A5-0E80-448F-978D-6B6D71D45FF8}.Debug|Any CPU.Build.0 = Debug|Any CPU
		{DBD348A5-0E80-448F-978D-6B6D71D45FF8}.Release|Any CPU.ActiveCfg = Release|Any CPU
		{DBD348A5-0E80-448F-978D-6B6D71D45FF8}.Release|Any CPU.Build.0 = Release|Any CPU
		{5F3B3DEE-D98A-4B40-9E0A-A6613EA92FCD}.Debug|Any CPU.ActiveCfg = Debug|Any CPU
		{5F3B3DEE-D98A-4B40-9E0A-A6613EA92FCD}.Debug|Any CPU.Build.0 = Debug|Any CPU
		{5F3B3DEE-D98A-4B40-9E0A-A6613EA92FCD}.Release|Any CPU.ActiveCfg = Release|Any CPU
		{5F3B3DEE-D98A-4B40-9E0A-A6613EA92FCD}.Release|Any CPU.Build.0 = Release|Any CPU
		{F8730A04-0D23-473C-A329-F2A57763874E}.Debug|Any CPU.ActiveCfg = Debug|Any CPU
		{F8730A04-0D23-473C-A329-F2A57763874E}.Debug|Any CPU.Build.0 = Debug|Any CPU
		{F8730A04-0D23-473C-A329-F2A57763874E}.Release|Any CPU.ActiveCfg = Release|Any CPU
		{F8730A04-0D23-473C-A329-F2A57763874E}.Release|Any CPU.Build.0 = Release|Any CPU
		{E7C38BEF-B72C-4854-8701-634D505BC226}.Debug|Any CPU.ActiveCfg = Debug|Any CPU
		{E7C38BEF-B72C-4854-8701-634D505BC226}.Debug|Any CPU.Build.0 = Debug|Any CPU
		{E7C38BEF-B72C-4854-8701-634D505BC226}.Release|Any CPU.ActiveCfg = Release|Any CPU
		{E7C38BEF-B72C-4854-8701-634D505BC226}.Release|Any CPU.Build.0 = Release|Any CPU
		{AB1034F6-C9E7-4563-BB17-F32ECCD1641E}.Debug|Any CPU.ActiveCfg = Debug|Any CPU
		{AB1034F6-C9E7-4563-BB17-F32ECCD1641E}.Debug|Any CPU.Build.0 = Debug|Any CPU
		{AB1034F6-C9E7-4563-BB17-F32ECCD1641E}.Release|Any CPU.ActiveCfg = Release|Any CPU
		{AB1034F6-C9E7-4563-BB17-F32ECCD1641E}.Release|Any CPU.Build.0 = Release|Any CPU
		{057015EC-BAE3-4F5A-A50C-4AFDF61125D7}.Debug|Any CPU.ActiveCfg = Debug|Any CPU
		{057015EC-BAE3-4F5A-A50C-4AFDF61125D7}.Debug|Any CPU.Build.0 = Debug|Any CPU
		{057015EC-BAE3-4F5A-A50C-4AFDF61125D7}.Release|Any CPU.ActiveCfg = Release|Any CPU
		{057015EC-BAE3-4F5A-A50C-4AFDF61125D7}.Release|Any CPU.Build.0 = Release|Any CPU
		{75217EF8-A79E-4A09-94D8-90DE6B9353CE}.Debug|Any CPU.ActiveCfg = Debug|Any CPU
		{75217EF8-A79E-4A09-94D8-90DE6B9353CE}.Debug|Any CPU.Build.0 = Debug|Any CPU
		{75217EF8-A79E-4A09-94D8-90DE6B9353CE}.Release|Any CPU.ActiveCfg = Release|Any CPU
		{75217EF8-A79E-4A09-94D8-90DE6B9353CE}.Release|Any CPU.Build.0 = Release|Any CPU
		{45132ADE-9B6A-4584-BFD6-D01AC87ED1B6}.Debug|Any CPU.ActiveCfg = Debug|Any CPU
		{45132ADE-9B6A-4584-BFD6-D01AC87ED1B6}.Debug|Any CPU.Build.0 = Debug|Any CPU
		{45132ADE-9B6A-4584-BFD6-D01AC87ED1B6}.Release|Any CPU.ActiveCfg = Release|Any CPU
		{45132ADE-9B6A-4584-BFD6-D01AC87ED1B6}.Release|Any CPU.Build.0 = Release|Any CPU
		{2BC1B12E-1804-4AAB-A555-E4262F988E5E}.Debug|Any CPU.ActiveCfg = Debug|Any CPU
		{2BC1B12E-1804-4AAB-A555-E4262F988E5E}.Debug|Any CPU.Build.0 = Debug|Any CPU
		{2BC1B12E-1804-4AAB-A555-E4262F988E5E}.Release|Any CPU.ActiveCfg = Release|Any CPU
		{2BC1B12E-1804-4AAB-A555-E4262F988E5E}.Release|Any CPU.Build.0 = Release|Any CPU
		{C5089C41-6812-4533-B3FB-E35CF2DE2F8D}.Debug|Any CPU.ActiveCfg = Debug|Any CPU
		{C5089C41-6812-4533-B3FB-E35CF2DE2F8D}.Debug|Any CPU.Build.0 = Debug|Any CPU
		{C5089C41-6812-4533-B3FB-E35CF2DE2F8D}.Release|Any CPU.ActiveCfg = Release|Any CPU
		{C5089C41-6812-4533-B3FB-E35CF2DE2F8D}.Release|Any CPU.Build.0 = Release|Any CPU
		{A0C81DCF-6103-4C12-BCF2-ECEBE159C94C}.Debug|Any CPU.ActiveCfg = Debug|Any CPU
		{A0C81DCF-6103-4C12-BCF2-ECEBE159C94C}.Debug|Any CPU.Build.0 = Debug|Any CPU
		{A0C81DCF-6103-4C12-BCF2-ECEBE159C94C}.Release|Any CPU.ActiveCfg = Release|Any CPU
		{A0C81DCF-6103-4C12-BCF2-ECEBE159C94C}.Release|Any CPU.Build.0 = Release|Any CPU
		{25FACC83-F762-42F4-95E2-FC3665F8F57F}.Debug|Any CPU.ActiveCfg = Debug|Any CPU
		{25FACC83-F762-42F4-95E2-FC3665F8F57F}.Debug|Any CPU.Build.0 = Debug|Any CPU
		{25FACC83-F762-42F4-95E2-FC3665F8F57F}.Release|Any CPU.ActiveCfg = Release|Any CPU
		{25FACC83-F762-42F4-95E2-FC3665F8F57F}.Release|Any CPU.Build.0 = Release|Any CPU
		{0F025F8B-3A5A-4DB8-85F8-AAA00334369D}.Debug|Any CPU.ActiveCfg = Debug|Any CPU
		{0F025F8B-3A5A-4DB8-85F8-AAA00334369D}.Debug|Any CPU.Build.0 = Debug|Any CPU
		{0F025F8B-3A5A-4DB8-85F8-AAA00334369D}.Release|Any CPU.ActiveCfg = Release|Any CPU
		{0F025F8B-3A5A-4DB8-85F8-AAA00334369D}.Release|Any CPU.Build.0 = Release|Any CPU
		{0731AA2D-3E66-44FC-B1BF-B28D8D25CDC2}.Debug|Any CPU.ActiveCfg = Debug|Any CPU
		{0731AA2D-3E66-44FC-B1BF-B28D8D25CDC2}.Debug|Any CPU.Build.0 = Debug|Any CPU
		{0731AA2D-3E66-44FC-B1BF-B28D8D25CDC2}.Release|Any CPU.ActiveCfg = Release|Any CPU
		{0731AA2D-3E66-44FC-B1BF-B28D8D25CDC2}.Release|Any CPU.Build.0 = Release|Any CPU
	EndGlobalSection
	GlobalSection(SolutionProperties) = preSolution
		HideSolutionNode = FALSE
	EndGlobalSection
	GlobalSection(NestedProjects) = preSolution
		{14D86443-E085-4C1D-88AE-0725F921623B} = {5764C61F-BFD8-4FDB-A87E-CC8FE7E70D54}
		{DBD348A5-0E80-448F-978D-6B6D71D45FF8} = {14D86443-E085-4C1D-88AE-0725F921623B}
		{493947A9-AB2E-4978-B8BD-E2B325635283} = {5764C61F-BFD8-4FDB-A87E-CC8FE7E70D54}
		{5F3B3DEE-D98A-4B40-9E0A-A6613EA92FCD} = {493947A9-AB2E-4978-B8BD-E2B325635283}
		{E60EFDF6-72B4-4A76-9658-6B504EFBD8AD} = {5764C61F-BFD8-4FDB-A87E-CC8FE7E70D54}
		{F8730A04-0D23-473C-A329-F2A57763874E} = {AED7D536-3141-4BE9-8C80-E9AB515900D0}
		{43044642-F862-4838-8AE4-F3A7C49B7683} = {E60EFDF6-72B4-4A76-9658-6B504EFBD8AD}
		{757987B2-B647-4A08-AEF7-593DDCC64585} = {E60EFDF6-72B4-4A76-9658-6B504EFBD8AD}
		{AED7D536-3141-4BE9-8C80-E9AB515900D0} = {E60EFDF6-72B4-4A76-9658-6B504EFBD8AD}
		{E7C38BEF-B72C-4854-8701-634D505BC226} = {43044642-F862-4838-8AE4-F3A7C49B7683}
		{AB1034F6-C9E7-4563-BB17-F32ECCD1641E} = {43044642-F862-4838-8AE4-F3A7C49B7683}
		{057015EC-BAE3-4F5A-A50C-4AFDF61125D7} = {757987B2-B647-4A08-AEF7-593DDCC64585}
		{75217EF8-A79E-4A09-94D8-90DE6B9353CE} = {0238A7DB-2687-4982-8BF4-A483608CAE5B}
		{9C96EB95-30BC-4CBC-976B-E49909D43B40} = {5764C61F-BFD8-4FDB-A87E-CC8FE7E70D54}
		{45132ADE-9B6A-4584-BFD6-D01AC87ED1B6} = {9C96EB95-30BC-4CBC-976B-E49909D43B40}
		{2BC1B12E-1804-4AAB-A555-E4262F988E5E} = {9C96EB95-30BC-4CBC-976B-E49909D43B40}
		{C5089C41-6812-4533-B3FB-E35CF2DE2F8D} = {9C96EB95-30BC-4CBC-976B-E49909D43B40}
		{A0C81DCF-6103-4C12-BCF2-ECEBE159C94C} = {9C96EB95-30BC-4CBC-976B-E49909D43B40}
		{25FACC83-F762-42F4-95E2-FC3665F8F57F} = {9C96EB95-30BC-4CBC-976B-E49909D43B40}
		{00BF5548-61D1-4656-A1E4-C15C37C1FC07} = {5764C61F-BFD8-4FDB-A87E-CC8FE7E70D54}
		{0F025F8B-3A5A-4DB8-85F8-AAA00334369D} = {00BF5548-61D1-4656-A1E4-C15C37C1FC07}
		{0731AA2D-3E66-44FC-B1BF-B28D8D25CDC2} = {6E0F6A99-6D08-4462-BF4D-419316C61A29}
	EndGlobalSection
	GlobalSection(ExtensibilityGlobals) = postSolution
		SolutionGuid = {126D6516-2AD2-48AF-8AB6-312EDB78DBC5}
	EndGlobalSection
EndGlobal
